
Microsoft Visual Studio Solution File, Format Version 12.00
# Visual Studio 15
VisualStudioVersion = 15.0.28307.902
MinimumVisualStudioVersion = 10.0.40219.1
Project("{FAE04EC0-301F-11D3-BF4B-00C04F79EFBC}") = "TimerBot", "TimerBot\TimerBot.csproj", "{5E35657A-EAF8-4C0D-93C6-F1C7319E9238}"
EndProject
Project("{FAE04EC0-301F-11D3-BF4B-00C04F79EFBC}") = "TimeChanger", "TimeChanger\TimeChanger.csproj", "{5D21DC33-90C5-4202-9E7C-991335DD5A20}"
EndProject
Global
	GlobalSection(SolutionConfigurationPlatforms) = preSolution
		Debug|Any CPU = Debug|Any CPU
		Release|Any CPU = Release|Any CPU
	EndGlobalSection
	GlobalSection(ProjectConfigurationPlatforms) = postSolution
		{5E35657A-EAF8-4C0D-93C6-F1C7319E9238}.Debug|Any CPU.ActiveCfg = Debug|Any CPU
		{5E35657A-EAF8-4C0D-93C6-F1C7319E9238}.Debug|Any CPU.Build.0 = Debug|Any CPU
		{5E35657A-EAF8-4C0D-93C6-F1C7319E9238}.Release|Any CPU.ActiveCfg = Release|Any CPU
		{5E35657A-EAF8-4C0D-93C6-F1C7319E9238}.Release|Any CPU.Build.0 = Release|Any CPU
		{5D21DC33-90C5-4202-9E7C-991335DD5A20}.Debug|Any CPU.ActiveCfg = Debug|Any CPU
		{5D21DC33-90C5-4202-9E7C-991335DD5A20}.Debug|Any CPU.Build.0 = Debug|Any CPU
		{5D21DC33-90C5-4202-9E7C-991335DD5A20}.Release|Any CPU.ActiveCfg = Release|Any CPU
		{5D21DC33-90C5-4202-9E7C-991335DD5A20}.Release|Any CPU.Build.0 = Release|Any CPU
	EndGlobalSection
	GlobalSection(SolutionProperties) = preSolution
		HideSolutionNode = FALSE
	EndGlobalSection
	GlobalSection(ExtensibilityGlobals) = postSolution
		SolutionGuid = {AF844B87-37FD-4F52-BA4A-AC0F2BAA4202}
	EndGlobalSection
EndGlobal
